
Microsoft Visual Studio Solution File, Format Version 12.00
# Visual Studio 14
VisualStudioVersion = 14.0.25420.1
MinimumVisualStudioVersion = 10.0.40219.1
Project("{FAE04EC0-301F-11D3-BF4B-00C04F79EFBC}") = "EFRedis", "EFRedis\EFRedis.csproj", "{CAE00E68-4275-48F8-839C-02EB6FB4B1D3}"
EndProject
Project("{FAE04EC0-301F-11D3-BF4B-00C04F79EFBC}") = "DBAccess", "DBAccess\DBAccess.csproj", "{804962CD-B57E-4A1F-AB4F-EC0FFD47FFCB}"
EndProject
Global
	GlobalSection(SolutionConfigurationPlatforms) = preSolution
		Debug|Any CPU = Debug|Any CPU
		Release|Any CPU = Release|Any CPU
	EndGlobalSection
	GlobalSection(ProjectConfigurationPlatforms) = postSolution
		{CAE00E68-4275-48F8-839C-02EB6FB4B1D3}.Debug|Any CPU.ActiveCfg = Debug|Any CPU
		{CAE00E68-4275-48F8-839C-02EB6FB4B1D3}.Debug|Any CPU.Build.0 = Debug|Any CPU
		{CAE00E68-4275-48F8-839C-02EB6FB4B1D3}.Release|Any CPU.ActiveCfg = Release|Any CPU
		{CAE00E68-4275-48F8-839C-02EB6FB4B1D3}.Release|Any CPU.Build.0 = Release|Any CPU
		{804962CD-B57E-4A1F-AB4F-EC0FFD47FFCB}.Debug|Any CPU.ActiveCfg = Debug|Any CPU
		{804962CD-B57E-4A1F-AB4F-EC0FFD47FFCB}.Debug|Any CPU.Build.0 = Debug|Any CPU
		{804962CD-B57E-4A1F-AB4F-EC0FFD47FFCB}.Release|Any CPU.ActiveCfg = Release|Any CPU
		{804962CD-B57E-4A1F-AB4F-EC0FFD47FFCB}.Release|Any CPU.Build.0 = Release|Any CPU
	EndGlobalSection
	GlobalSection(SolutionProperties) = preSolution
		HideSolutionNode = FALSE
	EndGlobalSection
EndGlobal
